
Microsoft Visual Studio Solution File, Format Version 12.00
# Visual Studio Version 17
VisualStudioVersion = 17.3.32922.545
MinimumVisualStudioVersion = 10.0.40219.1
Project("{9A19103F-16F7-4668-BE54-9A1E7A4F7556}") = "Class", "Class\Class.csproj", "{8D254E22-9FD7-460D-B5C2-65CD7F109008}"
EndProject
Project("{9A19103F-16F7-4668-BE54-9A1E7A4F7556}") = "LoadAplication", "LoadAplication\LoadAplication.csproj", "{2B78D2C0-7C5F-441A-8A63-11333510C0D3}"
	ProjectSection(ProjectDependencies) = postProject
		{794BF004-565E-43B9-85DD-361D97EBBB9B} = {794BF004-565E-43B9-85DD-361D97EBBB9B}
		{8D254E22-9FD7-460D-B5C2-65CD7F109008} = {8D254E22-9FD7-460D-B5C2-65CD7F109008}
	EndProjectSection
EndProject
Project("{9A19103F-16F7-4668-BE54-9A1E7A4F7556}") = "Menus", "Menus\Menus.csproj", "{794BF004-565E-43B9-85DD-361D97EBBB9B}"
EndProject
Global
	GlobalSection(SolutionConfigurationPlatforms) = preSolution
		Debug|Any CPU = Debug|Any CPU
		Debug|x64 = Debug|x64
		Release|Any CPU = Release|Any CPU
		Release|x64 = Release|x64
	EndGlobalSection
	GlobalSection(ProjectConfigurationPlatforms) = postSolution
		{8D254E22-9FD7-460D-B5C2-65CD7F109008}.Debug|Any CPU.ActiveCfg = Debug|Any CPU
		{8D254E22-9FD7-460D-B5C2-65CD7F109008}.Debug|Any CPU.Build.0 = Debug|Any CPU
		{8D254E22-9FD7-460D-B5C2-65CD7F109008}.Debug|x64.ActiveCfg = Debug|Any CPU
		{8D254E22-9FD7-460D-B5C2-65CD7F109008}.Debug|x64.Build.0 = Debug|Any CPU
		{8D254E22-9FD7-460D-B5C2-65CD7F109008}.Release|Any CPU.ActiveCfg = Release|Any CPU
		{8D254E22-9FD7-460D-B5C2-65CD7F109008}.Release|Any CPU.Build.0 = Release|Any CPU
		{8D254E22-9FD7-460D-B5C2-65CD7F109008}.Release|x64.ActiveCfg = Release|Any CPU
		{8D254E22-9FD7-460D-B5C2-65CD7F109008}.Release|x64.Build.0 = Release|Any CPU
		{2B78D2C0-7C5F-441A-8A63-11333510C0D3}.Debug|Any CPU.ActiveCfg = Debug|Any CPU
		{2B78D2C0-7C5F-441A-8A63-11333510C0D3}.Debug|Any CPU.Build.0 = Debug|Any CPU
		{2B78D2C0-7C5F-441A-8A63-11333510C0D3}.Debug|x64.ActiveCfg = Debug|Any CPU
		{2B78D2C0-7C5F-441A-8A63-11333510C0D3}.Debug|x64.Build.0 = Debug|Any CPU
		{2B78D2C0-7C5F-441A-8A63-11333510C0D3}.Release|Any CPU.ActiveCfg = Release|Any CPU
		{2B78D2C0-7C5F-441A-8A63-11333510C0D3}.Release|Any CPU.Build.0 = Release|Any CPU
		{2B78D2C0-7C5F-441A-8A63-11333510C0D3}.Release|x64.ActiveCfg = Release|Any CPU
		{2B78D2C0-7C5F-441A-8A63-11333510C0D3}.Release|x64.Build.0 = Release|Any CPU
		{794BF004-565E-43B9-85DD-361D97EBBB9B}.Debug|Any CPU.ActiveCfg = Debug|Any CPU
		{794BF004-565E-43B9-85DD-361D97EBBB9B}.Debug|Any CPU.Build.0 = Debug|Any CPU
		{794BF004-565E-43B9-85DD-361D97EBBB9B}.Debug|x64.ActiveCfg = Debug|x64
		{794BF004-565E-43B9-85DD-361D97EBBB9B}.Debug|x64.Build.0 = Debug|x64
		{794BF004-565E-43B9-85DD-361D97EBBB9B}.Release|Any CPU.ActiveCfg = Release|Any CPU
		{794BF004-565E-43B9-85DD-361D97EBBB9B}.Release|Any CPU.Build.0 = Release|Any CPU
		{794BF004-565E-43B9-85DD-361D97EBBB9B}.Release|x64.ActiveCfg = Release|x64
		{794BF004-565E-43B9-85DD-361D97EBBB9B}.Release|x64.Build.0 = Release|x64
	EndGlobalSection
	GlobalSection(SolutionProperties) = preSolution
		HideSolutionNode = FALSE
	EndGlobalSection
	GlobalSection(ExtensibilityGlobals) = postSolution
		SolutionGuid = {D070AC4C-1B50-4335-B9BA-509D41AA1D01}
	EndGlobalSection
EndGlobal
